// !$*UTF8*$!
{
	archiveVersion = 1;
	classes = {
	};
	objectVersion = 46;
	objects = {

/* Begin PBXBuildFile section */
		14FB13C71D5425A400875E19 /* main.m in Sources */ = {isa = PBXBuildFile; fileRef = 14FB13C61D5425A400875E19 /* main.m */; };
		14FB13CF1D54267900875E19 /* RTClassA.m in Sources */ = {isa = PBXBuildFile; fileRef = 14FB13CE1D54267900875E19 /* RTClassA.m */; };
		14FB13D21D54283F00875E19 /* RTSubClassB.m in Sources */ = {isa = PBXBuildFile; fileRef = 14FB13D11D54283F00875E19 /* RTSubClassB.m */; };
		14FB13D51D5428BE00875E19 /* RTClassC.m in Sources */ = {isa = PBXBuildFile; fileRef = 14FB13D41D5428BE00875E19 /* RTClassC.m */; };
		14FB13D81D54C19700875E19 /* RTSubClassB+Swizzle.m in Sources */ = {isa = PBXBuildFile; fileRef = 14FB13D71D54C19700875E19 /* RTSubClassB+Swizzle.m */; };
/* End PBXBuildFile section */

/* Begin PBXCopyFilesBuildPhase section */
		14FB13C11D5425A400875E19 /* CopyFiles */ = {
			isa = PBXCopyFilesBuildPhase;
			buildActionMask = 2147483647;
			dstPath = /usr/share/man/man1/;
			dstSubfolderSpec = 0;
			files = (
			);
			runOnlyForDeploymentPostprocessing = 1;
		};
/* End PBXCopyFilesBuildPhase section */

/* Begin PBXFileReference section */
		14FB13C31D5425A400875E19 /* RunTimeTest */ = {isa = PBXFileReference; explicitFileType = "compiled.mach-o.executable"; includeInIndex = 0; path = RunTimeTest; sourceTree = BUILT_PRODUCTS_DIR; };
		14FB13C61D5425A400875E19 /* main.m */ = {isa = PBXFileReference; lastKnownFileType = sourcecode.c.objc; path = main.m; sourceTree = "<group>"; };
		14FB13CD1D54267900875E19 /* RTClassA.h */ = {isa = PBXFileReference; fileEncoding = 4; lastKnownFileType = sourcecode.c.h; path = RTClassA.h; sourceTree = "<group>"; };
		14FB13CE1D54267900875E19 /* RTClassA.m */ = {isa = PBXFileReference; fileEncoding = 4; lastKnownFileType = sourcecode.c.objc; path = RTClassA.m; sourceTree = "<group>"; };
		14FB13D01D54283F00875E19 /* RTSubClassB.h */ = {isa = PBXFileReference; fileEncoding = 4; lastKnownFileType = sourcecode.c.h; path = RTSubClassB.h; sourceTree = "<group>"; };
		14FB13D11D54283F00875E19 /* RTSubClassB.m */ = {isa = PBXFileReference; fileEncoding = 4; lastKnownFileType = sourcecode.c.objc; path = RTSubClassB.m; sourceTree = "<group>"; };
		14FB13D31D5428BE00875E19 /* RTClassC.h */ = {isa = PBXFileReference; fileEncoding = 4; lastKnownFileType = sourcecode.c.h; path = RTClassC.h; sourceTree = "<group>"; };
		14FB13D41D5428BE00875E19 /* RTClassC.m */ = {isa = PBXFileReference; fileEncoding = 4; lastKnownFileType = sourcecode.c.objc; path = RTClassC.m; sourceTree = "<group>"; };
		14FB13D61D54C19700875E19 /* RTSubClassB+Swizzle.h */ = {isa = PBXFileReference; fileEncoding = 4; lastKnownFileType = sourcecode.c.h; path = "RTSubClassB+Swizzle.h"; sourceTree = "<group>"; };
		14FB13D71D54C19700875E19 /* RTSubClassB+Swizzle.m */ = {isa = PBXFileReference; fileEncoding = 4; lastKnownFileType = sourcecode.c.objc; path = "RTSubClassB+Swizzle.m"; sourceTree = "<group>"; };
/* End PBXFileReference section */

/* Begin PBXFrameworksBuildPhase section */
		14FB13C01D5425A400875E19 /* Frameworks */ = {
			isa = PBXFrameworksBuildPhase;
			buildActionMask = 2147483647;
			files = (
			);
			runOnlyForDeploymentPostprocessing = 0;
		};
/* End PBXFrameworksBuildPhase section */

/* Begin PBXGroup section */
		14FB13BA1D5425A400875E19 = {
			isa = PBXGroup;
			children = (
				14FB13C51D5425A400875E19 /* RunTimeTest */,
				14FB13C41D5425A400875E19 /* Products */,
			);
			sourceTree = "<group>";
		};
		14FB13C41D5425A400875E19 /* Products */ = {
			isa = PBXGroup;
			children = (
				14FB13C31D5425A400875E19 /* RunTimeTest */,
			);
			name = Products;
			sourceTree = "<group>";
		};
		14FB13C51D5425A400875E19 /* RunTimeTest */ = {
			isa = PBXGroup;
			children = (
				14FB13C61D5425A400875E19 /* main.m */,
				14FB13CD1D54267900875E19 /* RTClassA.h */,
				14FB13CE1D54267900875E19 /* RTClassA.m */,
				14FB13D31D5428BE00875E19 /* RTClassC.h */,
				14FB13D41D5428BE00875E19 /* RTClassC.m */,
				14FB13D01D54283F00875E19 /* RTSubClassB.h */,
				14FB13D11D54283F00875E19 /* RTSubClassB.m */,
				14FB13D61D54C19700875E19 /* RTSubClassB+Swizzle.h */,
				14FB13D71D54C19700875E19 /* RTSubClassB+Swizzle.m */,
			);
			path = RunTimeTest;
			sourceTree = "<group>";
		};
/* End PBXGroup section */

/* Begin PBXNativeTarget section */
		14FB13C21D5425A400875E19 /* RunTimeTest */ = {
			isa = PBXNativeTarget;
			buildConfigurationList = 14FB13CA1D5425A400875E19 /* Build configuration list for PBXNativeTarget "RunTimeTest" */;
			buildPhases = (
				14FB13BF1D5425A400875E19 /* Sources */,
				14FB13C01D5425A400875E19 /* Frameworks */,
				14FB13C11D5425A400875E19 /* CopyFiles */,
			);
			buildRules = (
			);
			dependencies = (
			);
			name = RunTimeTest;
			productName = RunTimeTest;
			productReference = 14FB13C31D5425A400875E19 /* RunTimeTest */;
			productType = "com.apple.product-type.tool";
		};
/* End PBXNativeTarget section */

/* Begin PBXProject section */
		14FB13BB1D5425A400875E19 /* Project object */ = {
			isa = PBXProject;
			attributes = {
				LastUpgradeCheck = 0730;
				ORGANIZATIONNAME = ZhaoYun;
				TargetAttributes = {
					14FB13C21D5425A400875E19 = {
						CreatedOnToolsVersion = 7.3.1;
					};
				};
			};
			buildConfigurationList = 14FB13BE1D5425A400875E19 /* Build configuration list for PBXProject "RunTimeTest" */;
			compatibilityVersion = "Xcode 3.2";
			developmentRegion = English;
			hasScannedForEncodings = 0;
			knownRegions = (
				en,
			);
			mainGroup = 14FB13BA1D5425A400875E19;
			productRefGroup = 14FB13C41D5425A400875E19 /* Products */;
			projectDirPath = "";
			projectRoot = "";
			targets = (
				14FB13C21D5425A400875E19 /* RunTimeTest */,
			);
		};
/* End PBXProject section */

/* Begin PBXSourcesBuildPhase section */
		14FB13BF1D5425A400875E19 /* Sources */ = {
			isa = PBXSourcesBuildPhase;
			buildActionMask = 2147483647;
			files = (
				14FB13D51D5428BE00875E19 /* RTClassC.m in Sources */,
				14FB13CF1D54267900875E19 /* RTClassA.m in Sources */,
				14FB13D81D54C19700875E19 /* RTSubClassB+Swizzle.m in Sources */,
				14FB13C71D5425A400875E19 /* main.m in Sources */,
				14FB13D21D54283F00875E19 /* RTSubClassB.m in Sources */,
			);
			runOnlyForDeploymentPostprocessing = 0;
		};
/* End PBXSourcesBuildPhase section */

/* Begin XCBuildConfiguration section */
		14FB13C81D5425A400875E19 /* Debug */ = {
			isa = XCBuildConfiguration;
			buildSettings = {
				ALWAYS_SEARCH_USER_PATHS = NO;
				CLANG_ANALYZER_NONNULL = YES;
				CLANG_CXX_LANGUAGE_STANDARD = "gnu++0x";
				CLANG_CXX_LIBRARY = "libc++";
				CLANG_ENABLE_MODULES = YES;
				CLANG_ENABLE_OBJC_ARC = YES;
				CLANG_WARN_BOOL_CONVERSION = YES;
				CLANG_WARN_CONSTANT_CONVERSION = YES;
				CLANG_WARN_DIRECT_OBJC_ISA_USAGE = YES_ERROR;
				CLANG_WARN_EMPTY_BODY = YES;
				CLANG_WARN_ENUM_CONVERSION = YES;
				CLANG_WARN_INT_CONVERSION = YES;
				CLANG_WARN_OBJC_ROOT_CLASS = YES_ERROR;
				CLANG_WARN_UNREACHABLE_CODE = YES;
				CLANG_WARN__DUPLICATE_METHOD_MATCH = YES;
				CODE_SIGN_IDENTITY = "-";
				COPY_PHASE_STRIP = NO;
				DEBUG_INFORMATION_FORMAT = dwarf;
				ENABLE_STRICT_OBJC_MSGSEND = YES;
				ENABLE_TESTABILITY = YES;
				GCC_C_LANGUAGE_STANDARD = gnu99;
				GCC_DYNAMIC_NO_PIC = NO;
				GCC_NO_COMMON_BLOCKS = YES;
				GCC_OPTIMIZATION_LEVEL = 0;
				GCC_PREPROCESSOR_DEFINITIONS = (
					"DEBUG=1",
					"$(inherited)",
				);
				GCC_WARN_64_TO_32_BIT_CONVERSION = YES;
				GCC_WARN_ABOUT_RETURN_TYPE = YES_ERROR;
				GCC_WARN_UNDECLARED_SELECTOR = YES;
				GCC_WARN_UNINITIALIZED_AUTOS = YES_AGGRESSIVE;
				GCC_WARN_UNUSED_FUNCTION = YES;
				GCC_WARN_UNUSED_VARIABLE = YES;
				MACOSX_DEPLOYMENT_TARGET = 10.11;
				MTL_ENABLE_DEBUG_INFO = YES;
				ONLY_ACTIVE_ARCH = YES;
				SDKROOT = macosx;
			};
			name = Debug;
		};
		14FB13C91D5425A400875E19 /* Release */ = {
			isa = XCBuildConfiguration;
			buildSettings = {
				ALWAYS_SEARCH_USER_PATHS = NO;
				CLANG_ANALYZER_NONNULL = YES;
				CLANG_CXX_LANGUAGE_STANDARD = "gnu++0x";
				CLANG_CXX_LIBRARY = "libc++";
				CLANG_ENABLE_MODULES = YES;
				CLANG_ENABLE_OBJC_ARC = YES;
				CLANG_WARN_BOOL_CONVERSION = YES;
				CLANG_WARN_CONSTANT_CONVERSION = YES;
				CLANG_WARN_DIRECT_OBJC_ISA_USAGE = YES_ERROR;
				CLANG_WARN_EMPTY_BODY = YES;
				CLANG_WARN_ENUM_CONVERSION = YES;
				CLANG_WARN_INT_CONVERSION = YES;
				CLANG_WARN_OBJC_ROOT_CLASS = YES_ERROR;
				CLANG_WARN_UNREACHABLE_CODE = YES;
				CLANG_WARN__DUPLICATE_METHOD_MATCH = YES;
				CODE_SIGN_IDENTITY = "-";
				COPY_PHASE_STRIP = NO;
				DEBUG_INFORMATION_FORMAT = "dwarf-with-dsym";
				ENABLE_NS_ASSERTIONS = NO;
				ENABLE_STRICT_OBJC_MSGSEND = YES;
				GCC_C_LANGUAGE_STANDARD = gnu99;
				GCC_NO_COMMON_BLOCKS = YES;
				GCC_WARN_64_TO_32_BIT_CONVERSION = YES;
				GCC_WARN_ABOUT_RETURN_TYPE = YES_ERROR;
				GCC_WARN_UNDECLARED_SELECTOR = YES;
				GCC_WARN_UNINITIALIZED_AUTOS = YES_AGGRESSIVE;
				GCC_WARN_UNUSED_FUNCTION = YES;
				GCC_WARN_UNUSED_VARIABLE = YES;
				MACOSX_DEPLOYMENT_TARGET = 10.11;
				MTL_ENABLE_DEBUG_INFO = NO;
				SDKROOT = macosx;
			};
			name = Release;
		};
		14FB13CB1D5425A400875E19 /* Debug */ = {
			isa = XCBuildConfiguration;
			buildSettings = {
				PRODUCT_NAME = "$(TARGET_NAME)";
			};
			name = Debug;
		};
		14FB13CC1D5425A400875E19 /* Release */ = {
			isa = XCBuildConfiguration;
			buildSettings = {
				PRODUCT_NAME = "$(TARGET_NAME)";
			};
			name = Release;
		};
/* End XCBuildConfiguration section */

/* Begin XCConfigurationList section */
		14FB13BE1D5425A400875E19 /* Build configuration list for PBXProject "RunTimeTest" */ = {
			isa = XCConfigurationList;
			buildConfigurations = (
				14FB13C81D5425A400875E19 /* Debug */,
				14FB13C91D5425A400875E19 /* Release */,
			);
			defaultConfigurationIsVisible = 0;
			defaultConfigurationName = Release;
		};
		14FB13CA1D5425A400875E19 /* Build configuration list for PBXNativeTarget "RunTimeTest" */ = {
			isa = XCConfigurationList;
			buildConfigurations = (
				14FB13CB1D5425A400875E19 /* Debug */,
				14FB13CC1D5425A400875E19 /* Release */,
			);
			defaultConfigurationIsVisible = 0;
		};
/* End XCConfigurationList section */
	};
	rootObject = 14FB13BB1D5425A400875E19 /* Project object */;
}
